PODS:
  - Adjust (4.38.4):
    - Adjust/Core (= 4.38.4)
  - Adjust/Core (4.38.4)
  - ReachabilitySwift (5.2.4)

DEPENDENCIES:
  - Adjust (= 4.38.4)
  - ReachabilitySwift

SPEC REPOS:
  trunk:
    - Adjust
    - ReachabilitySwift

SPEC CHECKSUMS:
  Adjust: afda46df69f035fd216310fb85f399c40c61830a
  ReachabilitySwift: 32793e867593cfc1177f5d16491e3a197d2fccda

PODFILE CHECKSUM: c6ca272a5b6e29c1539eb9bdaf616f4ab44e309f

COCOAPODS: 1.15.2
